
Microsoft Visual Studio Solution File, Format Version 12.00
# Visual Studio Version 16
VisualStudioVersion = 16.0.29326.143
MinimumVisualStudioVersion = 10.0.40219.1
Project("{FAE04EC0-301F-11D3-BF4B-00C04F79EFBC}") = "LuiGUI", "LuiGUI\LuiGUI.csproj", "{3761B6EC-3445-4E36-8D2D-D70B1F8B32CD}"
EndProject
Global
	GlobalSection(SolutionConfigurationPlatforms) = preSolution
		Debug|Any CPU = Debug|Any CPU
		Release|Any CPU = Release|Any CPU
	EndGlobalSection
	GlobalSection(ProjectConfigurationPlatforms) = postSolution
		{3761B6EC-3445-4E36-8D2D-D70B1F8B32CD}.Debug|Any CPU.ActiveCfg = Debug|Any CPU
		{3761B6EC-3445-4E36-8D2D-D70B1F8B32CD}.Debug|Any CPU.Build.0 = Debug|Any CPU
		{3761B6EC-3445-4E36-8D2D-D70B1F8B32CD}.Release|Any CPU.ActiveCfg = Release|Any CPU
		{3761B6EC-3445-4E36-8D2D-D70B1F8B32CD}.Release|Any CPU.Build.0 = Release|Any CPU
	EndGlobalSection
	GlobalSection(SolutionProperties) = preSolution
		HideSolutionNode = FALSE
	EndGlobalSection
	GlobalSection(ExtensibilityGlobals) = postSolution
		SolutionGuid = {F69AC2FF-CB2A-4C43-B778-98B792A14FF9}
	EndGlobalSection
EndGlobal
